{
  "name": "weixinshangcheng",
  "version": "1.0.0",
  "lockfileVersion": 1,
  "requires": true,
  "dependencies": {
    "colorui": {
      "version": "1.0.0",
      "resolved": "https://registry.npm.taobao.org/colorui/download/colorui-1.0.0.tgz",
      "integrity": "sha1-wXf/X914x6j0xd6uiiABAHmwzGs=",
      "requires": {
        "prettier": "^1.12.1"
      }
    },
    "commander": {
      "version": "5.1.0",
      "resolved": "https://registry.npm.taobao.org/commander/download/commander-5.1.0.tgz",
      "integrity": "sha1-Rqu9FlL44Fm92u+Zu9yyrZzxea4="
    },
    "deepmerge": {
      "version": "4.2.2",
      "resolved": "https://registry.npm.taobao.org/deepmerge/download/deepmerge-4.2.2.tgz",
      "integrity": "sha1-RNLqNnm49NT/ujPwPYZfwee/SVU="
    },
    "mock": {
      "version": "0.1.1",
      "resolved": "https://registry.npm.taobao.org/mock/download/mock-0.1.1.tgz",
      "integrity": "sha1-5+NYnH5rM3bWn1o+RwtWYEQXxjM="
    },
    "mockjs": {
      "version": "1.1.0",
      "resolved": "https://registry.npm.taobao.org/mockjs/download/mockjs-1.1.0.tgz",
      "integrity": "sha1-5qDDeOkZBtuv8gkRzAJzs8fXWwY=",
      "requires": {
        "commander": "*"
      }
    },
    "prettier": {
      "version": "1.19.1",
      "resolved": "https://registry.npm.taobao.org/prettier/download/prettier-1.19.1.tgz",
      "integrity": "sha1-99f1/4qc2HKnvkyhQglZVqYHl8s="
    },
    "shvl": {
      "version": "2.0.0",
      "resolved": "https://registry.npm.taobao.org/shvl/download/shvl-2.0.0.tgz",
      "integrity": "sha1-Vf1VC26Bv3V08vV2uLXB/6504Q8="
    },
    "unifly": {
      "version": "1.0.2",
      "resolved": "https://registry.npm.taobao.org/unifly/download/unifly-1.0.2.tgz",
      "integrity": "sha1-UQ8HyzygsjMd+xpc+xmQrJ9U9tE="
    },
    "vuex": {
      "version": "3.3.0",
      "resolved": "https://registry.npm.taobao.org/vuex/download/vuex-3.3.0.tgz",
      "integrity": "sha1-ZltGMOoTRzFxOfzFy0laqz7F5RM="
    },
    "vuex-persistedstate": {
      "version": "3.0.1",
      "resolved": "https://registry.npm.taobao.org/vuex-persistedstate/download/vuex-persistedstate-3.0.1.tgz",
      "integrity": "sha1-bqzDxBb+jP5jxA0+57jtE6rE8E8=",
      "requires": {
        "deepmerge": "^4.2.2",
        "shvl": "^2.0.0"
      }
    }
  }
}
